
Microsoft Visual Studio Solution File, Format Version 12.00
# Visual Studio Version 16
VisualStudioVersion = 16.0.30611.23
MinimumVisualStudioVersion = 10.0.40219.1
Project("{FAE04EC0-301F-11D3-BF4B-00C04F79EFBC}") = "AbstractClass", "AbstractClass\AbstractClass.csproj", "{56DAE659-681A-42B8-AC16-FF2841E02862}"
EndProject
Project("{FAE04EC0-301F-11D3-BF4B-00C04F79EFBC}") = "Question3", "Question3\Question3.csproj", "{735200B5-516A-4C67-AE56-D98DF49F4F23}"
EndProject
Project("{FAE04EC0-301F-11D3-BF4B-00C04F79EFBC}") = "Question2", "Question2\Question2.csproj", "{CB53B22F-C350-47D6-BB30-962CE760BC00}"
EndProject
Project("{FAE04EC0-301F-11D3-BF4B-00C04F79EFBC}") = "Question1", "Question1\Question1.csproj", "{F2203AD1-59C2-498A-BE5B-17711058843C}"
EndProject
Global
	GlobalSection(SolutionConfigurationPlatforms) = preSolution
		Debug|Any CPU = Debug|Any CPU
		Release|Any CPU = Release|Any CPU
	EndGlobalSection
	GlobalSection(ProjectConfigurationPlatforms) = postSolution
		{56DAE659-681A-42B8-AC16-FF2841E02862}.Debug|Any CPU.ActiveCfg = Debug|Any CPU
		{56DAE659-681A-42B8-AC16-FF2841E02862}.Debug|Any CPU.Build.0 = Debug|Any CPU
		{56DAE659-681A-42B8-AC16-FF2841E02862}.Release|Any CPU.ActiveCfg = Release|Any CPU
		{56DAE659-681A-42B8-AC16-FF2841E02862}.Release|Any CPU.Build.0 = Release|Any CPU
		{735200B5-516A-4C67-AE56-D98DF49F4F23}.Debug|Any CPU.ActiveCfg = Debug|Any CPU
		{735200B5-516A-4C67-AE56-D98DF49F4F23}.Debug|Any CPU.Build.0 = Debug|Any CPU
		{735200B5-516A-4C67-AE56-D98DF49F4F23}.Release|Any CPU.ActiveCfg = Release|Any CPU
		{735200B5-516A-4C67-AE56-D98DF49F4F23}.Release|Any CPU.Build.0 = Release|Any CPU
		{CB53B22F-C350-47D6-BB30-962CE760BC00}.Debug|Any CPU.ActiveCfg = Debug|Any CPU
		{CB53B22F-C350-47D6-BB30-962CE760BC00}.Debug|Any CPU.Build.0 = Debug|Any CPU
		{CB53B22F-C350-47D6-BB30-962CE760BC00}.Release|Any CPU.ActiveCfg = Release|Any CPU
		{CB53B22F-C350-47D6-BB30-962CE760BC00}.Release|Any CPU.Build.0 = Release|Any CPU
		{F2203AD1-59C2-498A-BE5B-17711058843C}.Debug|Any CPU.ActiveCfg = Debug|Any CPU
		{F2203AD1-59C2-498A-BE5B-17711058843C}.Debug|Any CPU.Build.0 = Debug|Any CPU
		{F2203AD1-59C2-498A-BE5B-17711058843C}.Release|Any CPU.ActiveCfg = Release|Any CPU
		{F2203AD1-59C2-498A-BE5B-17711058843C}.Release|Any CPU.Build.0 = Release|Any CPU
	EndGlobalSection
	GlobalSection(SolutionProperties) = preSolution
		HideSolutionNode = FALSE
	EndGlobalSection
	GlobalSection(ExtensibilityGlobals) = postSolution
		SolutionGuid = {E6DE9F59-0F12-4CD2-A8A5-A00858A00D61}
	EndGlobalSection
EndGlobal
